
Microsoft Visual Studio Solution File, Format Version 12.00
# Visual Studio Version 16
VisualStudioVersion = 16.0.30503.244
MinimumVisualStudioVersion = 10.0.40219.1
Project("{FAE04EC0-301F-11D3-BF4B-00C04F79EFBC}") = "Ejercicio2.2.1.1.4", "Ejercicio2.2.1.1.4\Ejercicio2.2.1.1.4.csproj", "{589F4C1E-3904-44EA-90CB-F5F4FBE458CC}"
EndProject
Global
	GlobalSection(SolutionConfigurationPlatforms) = preSolution
		Debug|Any CPU = Debug|Any CPU
		Release|Any CPU = Release|Any CPU
	EndGlobalSection
	GlobalSection(ProjectConfigurationPlatforms) = postSolution
		{589F4C1E-3904-44EA-90CB-F5F4FBE458CC}.Debug|Any CPU.ActiveCfg = Debug|Any CPU
		{589F4C1E-3904-44EA-90CB-F5F4FBE458CC}.Debug|Any CPU.Build.0 = Debug|Any CPU
		{589F4C1E-3904-44EA-90CB-F5F4FBE458CC}.Release|Any CPU.ActiveCfg = Release|Any CPU
		{589F4C1E-3904-44EA-90CB-F5F4FBE458CC}.Release|Any CPU.Build.0 = Release|Any CPU
	EndGlobalSection
	GlobalSection(SolutionProperties) = preSolution
		HideSolutionNode = FALSE
	EndGlobalSection
	GlobalSection(ExtensibilityGlobals) = postSolution
		SolutionGuid = {CB9F2282-FCC2-4705-BE43-FCF5500F9593}
	EndGlobalSection
EndGlobal
