
Microsoft Visual Studio Solution File, Format Version 12.00
# Visual Studio Version 16
VisualStudioVersion = 16.0.30503.244
MinimumVisualStudioVersion = 10.0.40219.1
Project("{FAE04EC0-301F-11D3-BF4B-00C04F79EFBC}") = "Ejercicio2.1.3.1", "Ejercicio2.1.3.1\Ejercicio2.1.3.1.csproj", "{31F5DE20-FD88-4DCF-95BA-60BB913FB198}"
EndProject
Global
	GlobalSection(SolutionConfigurationPlatforms) = preSolution
		Debug|Any CPU = Debug|Any CPU
		Release|Any CPU = Release|Any CPU
	EndGlobalSection
	GlobalSection(ProjectConfigurationPlatforms) = postSolution
		{31F5DE20-FD88-4DCF-95BA-60BB913FB198}.Debug|Any CPU.ActiveCfg = Debug|Any CPU
		{31F5DE20-FD88-4DCF-95BA-60BB913FB198}.Debug|Any CPU.Build.0 = Debug|Any CPU
		{31F5DE20-FD88-4DCF-95BA-60BB913FB198}.Release|Any CPU.ActiveCfg = Release|Any CPU
		{31F5DE20-FD88-4DCF-95BA-60BB913FB198}.Release|Any CPU.Build.0 = Release|Any CPU
	EndGlobalSection
	GlobalSection(SolutionProperties) = preSolution
		HideSolutionNode = FALSE
	EndGlobalSection
	GlobalSection(ExtensibilityGlobals) = postSolution
		SolutionGuid = {E817B78D-57C4-4C14-8C6E-7C623B96300E}
	EndGlobalSection
EndGlobal
