
Microsoft Visual Studio Solution File, Format Version 12.00
# Visual Studio Version 16
VisualStudioVersion = 16.0.30503.244
MinimumVisualStudioVersion = 10.0.40219.1
Project("{FAE04EC0-301F-11D3-BF4B-00C04F79EFBC}") = "Ejercicio3.1.2.3", "Ejercicio3.1.2.3\Ejercicio3.1.2.3.csproj", "{95E46281-DF94-4EC0-8E12-F10CBDE4D9E0}"
EndProject
Global
	GlobalSection(SolutionConfigurationPlatforms) = preSolution
		Debug|Any CPU = Debug|Any CPU
		Release|Any CPU = Release|Any CPU
	EndGlobalSection
	GlobalSection(ProjectConfigurationPlatforms) = postSolution
		{95E46281-DF94-4EC0-8E12-F10CBDE4D9E0}.Debug|Any CPU.ActiveCfg = Debug|Any CPU
		{95E46281-DF94-4EC0-8E12-F10CBDE4D9E0}.Debug|Any CPU.Build.0 = Debug|Any CPU
		{95E46281-DF94-4EC0-8E12-F10CBDE4D9E0}.Release|Any CPU.ActiveCfg = Release|Any CPU
		{95E46281-DF94-4EC0-8E12-F10CBDE4D9E0}.Release|Any CPU.Build.0 = Release|Any CPU
	EndGlobalSection
	GlobalSection(SolutionProperties) = preSolution
		HideSolutionNode = FALSE
	EndGlobalSection
	GlobalSection(ExtensibilityGlobals) = postSolution
		SolutionGuid = {4BE21CEF-2D23-40F8-A595-C7B6CD03B2AC}
	EndGlobalSection
EndGlobal
