
Microsoft Visual Studio Solution File, Format Version 12.00
# Visual Studio Version 16
VisualStudioVersion = 16.0.30503.244
MinimumVisualStudioVersion = 10.0.40219.1
Project("{FAE04EC0-301F-11D3-BF4B-00C04F79EFBC}") = "Ejercicio1.7.2", "Ejercicio1.7.2\Ejercicio1.7.2.csproj", "{FFCAE849-7E8A-4C47-824C-1157B35F8BE5}"
EndProject
Global
	GlobalSection(SolutionConfigurationPlatforms) = preSolution
		Debug|Any CPU = Debug|Any CPU
		Release|Any CPU = Release|Any CPU
	EndGlobalSection
	GlobalSection(ProjectConfigurationPlatforms) = postSolution
		{FFCAE849-7E8A-4C47-824C-1157B35F8BE5}.Debug|Any CPU.ActiveCfg = Debug|Any CPU
		{FFCAE849-7E8A-4C47-824C-1157B35F8BE5}.Debug|Any CPU.Build.0 = Debug|Any CPU
		{FFCAE849-7E8A-4C47-824C-1157B35F8BE5}.Release|Any CPU.ActiveCfg = Release|Any CPU
		{FFCAE849-7E8A-4C47-824C-1157B35F8BE5}.Release|Any CPU.Build.0 = Release|Any CPU
	EndGlobalSection
	GlobalSection(SolutionProperties) = preSolution
		HideSolutionNode = FALSE
	EndGlobalSection
	GlobalSection(ExtensibilityGlobals) = postSolution
		SolutionGuid = {4FB2A422-6FB3-4568-A737-468C5F75402C}
	EndGlobalSection
EndGlobal
