
Microsoft Visual Studio Solution File, Format Version 12.00
# Visual Studio Version 16
VisualStudioVersion = 16.0.30503.244
MinimumVisualStudioVersion = 10.0.40219.1
Project("{FAE04EC0-301F-11D3-BF4B-00C04F79EFBC}") = "Ejercicio2.2.8.1", "Ejercicio2.2.8.1\Ejercicio2.2.8.1.csproj", "{BA3A2912-890A-49C0-9F79-FD436DA5B4CD}"
EndProject
Global
	GlobalSection(SolutionConfigurationPlatforms) = preSolution
		Debug|Any CPU = Debug|Any CPU
		Release|Any CPU = Release|Any CPU
	EndGlobalSection
	GlobalSection(ProjectConfigurationPlatforms) = postSolution
		{BA3A2912-890A-49C0-9F79-FD436DA5B4CD}.Debug|Any CPU.ActiveCfg = Debug|Any CPU
		{BA3A2912-890A-49C0-9F79-FD436DA5B4CD}.Debug|Any CPU.Build.0 = Debug|Any CPU
		{BA3A2912-890A-49C0-9F79-FD436DA5B4CD}.Release|Any CPU.ActiveCfg = Release|Any CPU
		{BA3A2912-890A-49C0-9F79-FD436DA5B4CD}.Release|Any CPU.Build.0 = Release|Any CPU
	EndGlobalSection
	GlobalSection(SolutionProperties) = preSolution
		HideSolutionNode = FALSE
	EndGlobalSection
	GlobalSection(ExtensibilityGlobals) = postSolution
		SolutionGuid = {C7489DE0-F9CB-46E1-8E1E-2497F4174378}
	EndGlobalSection
EndGlobal
