
Microsoft Visual Studio Solution File, Format Version 12.00
# Visual Studio Version 16
VisualStudioVersion = 16.0.30503.244
MinimumVisualStudioVersion = 10.0.40219.1
Project("{FAE04EC0-301F-11D3-BF4B-00C04F79EFBC}") = "Ejercicio1.9.1.1", "Ejercicio1.9.1.1\Ejercicio1.9.1.1.csproj", "{66B000A3-4D7C-4B81-89DF-CA09232580F0}"
EndProject
Global
	GlobalSection(SolutionConfigurationPlatforms) = preSolution
		Debug|Any CPU = Debug|Any CPU
		Release|Any CPU = Release|Any CPU
	EndGlobalSection
	GlobalSection(ProjectConfigurationPlatforms) = postSolution
		{66B000A3-4D7C-4B81-89DF-CA09232580F0}.Debug|Any CPU.ActiveCfg = Debug|Any CPU
		{66B000A3-4D7C-4B81-89DF-CA09232580F0}.Debug|Any CPU.Build.0 = Debug|Any CPU
		{66B000A3-4D7C-4B81-89DF-CA09232580F0}.Release|Any CPU.ActiveCfg = Release|Any CPU
		{66B000A3-4D7C-4B81-89DF-CA09232580F0}.Release|Any CPU.Build.0 = Release|Any CPU
	EndGlobalSection
	GlobalSection(SolutionProperties) = preSolution
		HideSolutionNode = FALSE
	EndGlobalSection
	GlobalSection(ExtensibilityGlobals) = postSolution
		SolutionGuid = {B6B62FC4-73B9-47C4-8C20-74A3CAFE8548}
	EndGlobalSection
EndGlobal
