
Microsoft Visual Studio Solution File, Format Version 12.00
# Visual Studio Version 16
VisualStudioVersion = 16.0.30503.244
MinimumVisualStudioVersion = 10.0.40219.1
Project("{FAE04EC0-301F-11D3-BF4B-00C04F79EFBC}") = "Ejercicio4.3.1.1", "Ejercicio4.3.1.1\Ejercicio4.3.1.1.csproj", "{AAF16F0E-E905-45B5-8B78-B8A64D0B7ED1}"
EndProject
Global
	GlobalSection(SolutionConfigurationPlatforms) = preSolution
		Debug|Any CPU = Debug|Any CPU
		Release|Any CPU = Release|Any CPU
	EndGlobalSection
	GlobalSection(ProjectConfigurationPlatforms) = postSolution
		{AAF16F0E-E905-45B5-8B78-B8A64D0B7ED1}.Debug|Any CPU.ActiveCfg = Debug|Any CPU
		{AAF16F0E-E905-45B5-8B78-B8A64D0B7ED1}.Debug|Any CPU.Build.0 = Debug|Any CPU
		{AAF16F0E-E905-45B5-8B78-B8A64D0B7ED1}.Release|Any CPU.ActiveCfg = Release|Any CPU
		{AAF16F0E-E905-45B5-8B78-B8A64D0B7ED1}.Release|Any CPU.Build.0 = Release|Any CPU
	EndGlobalSection
	GlobalSection(SolutionProperties) = preSolution
		HideSolutionNode = FALSE
	EndGlobalSection
	GlobalSection(ExtensibilityGlobals) = postSolution
		SolutionGuid = {8FDB9896-4859-47A4-B20C-649EF3C8E4A4}
	EndGlobalSection
EndGlobal
