
Microsoft Visual Studio Solution File, Format Version 12.00
# Visual Studio Version 16
VisualStudioVersion = 16.0.30503.244
MinimumVisualStudioVersion = 10.0.40219.1
Project("{FAE04EC0-301F-11D3-BF4B-00C04F79EFBC}") = "Ejercicio1.7.3", "Ejercicio1.7.3\Ejercicio1.7.3.csproj", "{DD4C3FF4-9EAF-4716-ADC2-8B78D405B659}"
EndProject
Global
	GlobalSection(SolutionConfigurationPlatforms) = preSolution
		Debug|Any CPU = Debug|Any CPU
		Release|Any CPU = Release|Any CPU
	EndGlobalSection
	GlobalSection(ProjectConfigurationPlatforms) = postSolution
		{DD4C3FF4-9EAF-4716-ADC2-8B78D405B659}.Debug|Any CPU.ActiveCfg = Debug|Any CPU
		{DD4C3FF4-9EAF-4716-ADC2-8B78D405B659}.Debug|Any CPU.Build.0 = Debug|Any CPU
		{DD4C3FF4-9EAF-4716-ADC2-8B78D405B659}.Release|Any CPU.ActiveCfg = Release|Any CPU
		{DD4C3FF4-9EAF-4716-ADC2-8B78D405B659}.Release|Any CPU.Build.0 = Release|Any CPU
	EndGlobalSection
	GlobalSection(SolutionProperties) = preSolution
		HideSolutionNode = FALSE
	EndGlobalSection
	GlobalSection(ExtensibilityGlobals) = postSolution
		SolutionGuid = {C089ADB1-C175-4224-B859-F6436DA908CF}
	EndGlobalSection
EndGlobal
