
Microsoft Visual Studio Solution File, Format Version 12.00
# Visual Studio Version 16
VisualStudioVersion = 16.0.30503.244
MinimumVisualStudioVersion = 10.0.40219.1
Project("{FAE04EC0-301F-11D3-BF4B-00C04F79EFBC}") = "Ejercicio4.1.3.7", "Ejercicio4.1.3.7\Ejercicio4.1.3.7.csproj", "{732DFB1C-4BAA-4481-A8F1-63407D77FE6A}"
EndProject
Global
	GlobalSection(SolutionConfigurationPlatforms) = preSolution
		Debug|Any CPU = Debug|Any CPU
		Release|Any CPU = Release|Any CPU
	EndGlobalSection
	GlobalSection(ProjectConfigurationPlatforms) = postSolution
		{732DFB1C-4BAA-4481-A8F1-63407D77FE6A}.Debug|Any CPU.ActiveCfg = Debug|Any CPU
		{732DFB1C-4BAA-4481-A8F1-63407D77FE6A}.Debug|Any CPU.Build.0 = Debug|Any CPU
		{732DFB1C-4BAA-4481-A8F1-63407D77FE6A}.Release|Any CPU.ActiveCfg = Release|Any CPU
		{732DFB1C-4BAA-4481-A8F1-63407D77FE6A}.Release|Any CPU.Build.0 = Release|Any CPU
	EndGlobalSection
	GlobalSection(SolutionProperties) = preSolution
		HideSolutionNode = FALSE
	EndGlobalSection
	GlobalSection(ExtensibilityGlobals) = postSolution
		SolutionGuid = {065A081B-1161-435F-B667-407B7CCFEB7A}
	EndGlobalSection
EndGlobal
