
Microsoft Visual Studio Solution File, Format Version 12.00
# Visual Studio Version 16
VisualStudioVersion = 16.0.30503.244
MinimumVisualStudioVersion = 10.0.40219.1
Project("{FAE04EC0-301F-11D3-BF4B-00C04F79EFBC}") = "Ejercicio2.2.9.1", "Ejercicio2.2.9.1\Ejercicio2.2.9.1.csproj", "{71CF6706-A689-4665-923C-390EC8B17960}"
EndProject
Global
	GlobalSection(SolutionConfigurationPlatforms) = preSolution
		Debug|Any CPU = Debug|Any CPU
		Release|Any CPU = Release|Any CPU
	EndGlobalSection
	GlobalSection(ProjectConfigurationPlatforms) = postSolution
		{71CF6706-A689-4665-923C-390EC8B17960}.Debug|Any CPU.ActiveCfg = Debug|Any CPU
		{71CF6706-A689-4665-923C-390EC8B17960}.Debug|Any CPU.Build.0 = Debug|Any CPU
		{71CF6706-A689-4665-923C-390EC8B17960}.Release|Any CPU.ActiveCfg = Release|Any CPU
		{71CF6706-A689-4665-923C-390EC8B17960}.Release|Any CPU.Build.0 = Release|Any CPU
	EndGlobalSection
	GlobalSection(SolutionProperties) = preSolution
		HideSolutionNode = FALSE
	EndGlobalSection
	GlobalSection(ExtensibilityGlobals) = postSolution
		SolutionGuid = {F28F0FAB-B750-4F70-A68C-5BD0176D62BF}
	EndGlobalSection
EndGlobal
