
Microsoft Visual Studio Solution File, Format Version 12.00
# Visual Studio Version 16
VisualStudioVersion = 16.0.30503.244
MinimumVisualStudioVersion = 10.0.40219.1
Project("{FAE04EC0-301F-11D3-BF4B-00C04F79EFBC}") = "Ejercicio2.2.2.3", "Ejercicio2.2.2.3\Ejercicio2.2.2.3.csproj", "{A2F2AC93-8B16-449F-A6AA-1A2A03BE60EA}"
EndProject
Global
	GlobalSection(SolutionConfigurationPlatforms) = preSolution
		Debug|Any CPU = Debug|Any CPU
		Release|Any CPU = Release|Any CPU
	EndGlobalSection
	GlobalSection(ProjectConfigurationPlatforms) = postSolution
		{A2F2AC93-8B16-449F-A6AA-1A2A03BE60EA}.Debug|Any CPU.ActiveCfg = Debug|Any CPU
		{A2F2AC93-8B16-449F-A6AA-1A2A03BE60EA}.Debug|Any CPU.Build.0 = Debug|Any CPU
		{A2F2AC93-8B16-449F-A6AA-1A2A03BE60EA}.Release|Any CPU.ActiveCfg = Release|Any CPU
		{A2F2AC93-8B16-449F-A6AA-1A2A03BE60EA}.Release|Any CPU.Build.0 = Release|Any CPU
	EndGlobalSection
	GlobalSection(SolutionProperties) = preSolution
		HideSolutionNode = FALSE
	EndGlobalSection
	GlobalSection(ExtensibilityGlobals) = postSolution
		SolutionGuid = {B1341C70-A897-4858-BBFF-A37EB832B346}
	EndGlobalSection
EndGlobal
