
Microsoft Visual Studio Solution File, Format Version 12.00
# Visual Studio Version 16
VisualStudioVersion = 16.0.30503.244
MinimumVisualStudioVersion = 10.0.40219.1
Project("{FAE04EC0-301F-11D3-BF4B-00C04F79EFBC}") = "Ejercicio2.1.5.8", "Ejercicio2.1.5.8\Ejercicio2.1.5.8.csproj", "{A916B527-0DE9-451E-B843-BA0F17BC3488}"
EndProject
Global
	GlobalSection(SolutionConfigurationPlatforms) = preSolution
		Debug|Any CPU = Debug|Any CPU
		Release|Any CPU = Release|Any CPU
	EndGlobalSection
	GlobalSection(ProjectConfigurationPlatforms) = postSolution
		{A916B527-0DE9-451E-B843-BA0F17BC3488}.Debug|Any CPU.ActiveCfg = Debug|Any CPU
		{A916B527-0DE9-451E-B843-BA0F17BC3488}.Debug|Any CPU.Build.0 = Debug|Any CPU
		{A916B527-0DE9-451E-B843-BA0F17BC3488}.Release|Any CPU.ActiveCfg = Release|Any CPU
		{A916B527-0DE9-451E-B843-BA0F17BC3488}.Release|Any CPU.Build.0 = Release|Any CPU
	EndGlobalSection
	GlobalSection(SolutionProperties) = preSolution
		HideSolutionNode = FALSE
	EndGlobalSection
	GlobalSection(ExtensibilityGlobals) = postSolution
		SolutionGuid = {44FC83D0-D3A0-4CBA-92EE-F3DD3B537D34}
	EndGlobalSection
EndGlobal
