
Microsoft Visual Studio Solution File, Format Version 12.00
# Visual Studio Version 16
VisualStudioVersion = 16.0.30503.244
MinimumVisualStudioVersion = 10.0.40219.1
Project("{FAE04EC0-301F-11D3-BF4B-00C04F79EFBC}") = "Ejercicio1.5.2.3", "Ejercicio1.5.2.3\Ejercicio1.5.2.3.csproj", "{A5693FAA-A535-40D1-A650-40307A487BA8}"
EndProject
Global
	GlobalSection(SolutionConfigurationPlatforms) = preSolution
		Debug|Any CPU = Debug|Any CPU
		Release|Any CPU = Release|Any CPU
	EndGlobalSection
	GlobalSection(ProjectConfigurationPlatforms) = postSolution
		{A5693FAA-A535-40D1-A650-40307A487BA8}.Debug|Any CPU.ActiveCfg = Debug|Any CPU
		{A5693FAA-A535-40D1-A650-40307A487BA8}.Debug|Any CPU.Build.0 = Debug|Any CPU
		{A5693FAA-A535-40D1-A650-40307A487BA8}.Release|Any CPU.ActiveCfg = Release|Any CPU
		{A5693FAA-A535-40D1-A650-40307A487BA8}.Release|Any CPU.Build.0 = Release|Any CPU
	EndGlobalSection
	GlobalSection(SolutionProperties) = preSolution
		HideSolutionNode = FALSE
	EndGlobalSection
	GlobalSection(ExtensibilityGlobals) = postSolution
		SolutionGuid = {D6806461-697B-4E08-A1D7-BEDD610A8B49}
	EndGlobalSection
EndGlobal
