
Microsoft Visual Studio Solution File, Format Version 12.00
# Visual Studio Version 16
VisualStudioVersion = 16.0.30503.244
MinimumVisualStudioVersion = 10.0.40219.1
Project("{FAE04EC0-301F-11D3-BF4B-00C04F79EFBC}") = "Ejercicio2.2.1.1.3", "Ejercicio2.2.1.1.3\Ejercicio2.2.1.1.3.csproj", "{526DEE7C-7D3D-47B0-8926-43EEB724D2DE}"
EndProject
Global
	GlobalSection(SolutionConfigurationPlatforms) = preSolution
		Debug|Any CPU = Debug|Any CPU
		Release|Any CPU = Release|Any CPU
	EndGlobalSection
	GlobalSection(ProjectConfigurationPlatforms) = postSolution
		{526DEE7C-7D3D-47B0-8926-43EEB724D2DE}.Debug|Any CPU.ActiveCfg = Debug|Any CPU
		{526DEE7C-7D3D-47B0-8926-43EEB724D2DE}.Debug|Any CPU.Build.0 = Debug|Any CPU
		{526DEE7C-7D3D-47B0-8926-43EEB724D2DE}.Release|Any CPU.ActiveCfg = Release|Any CPU
		{526DEE7C-7D3D-47B0-8926-43EEB724D2DE}.Release|Any CPU.Build.0 = Release|Any CPU
	EndGlobalSection
	GlobalSection(SolutionProperties) = preSolution
		HideSolutionNode = FALSE
	EndGlobalSection
	GlobalSection(ExtensibilityGlobals) = postSolution
		SolutionGuid = {E1BD29AD-FCA4-488F-9619-D17E818E9BF9}
	EndGlobalSection
EndGlobal
