
Microsoft Visual Studio Solution File, Format Version 12.00
# Visual Studio Version 16
VisualStudioVersion = 16.0.30503.244
MinimumVisualStudioVersion = 10.0.40219.1
Project("{FAE04EC0-301F-11D3-BF4B-00C04F79EFBC}") = "Ejercicio1.11.2", "Ejercicio1.11.2\Ejercicio1.11.2.csproj", "{73AA6717-CC41-4D63-A57B-E96E2F26DF74}"
EndProject
Global
	GlobalSection(SolutionConfigurationPlatforms) = preSolution
		Debug|Any CPU = Debug|Any CPU
		Release|Any CPU = Release|Any CPU
	EndGlobalSection
	GlobalSection(ProjectConfigurationPlatforms) = postSolution
		{73AA6717-CC41-4D63-A57B-E96E2F26DF74}.Debug|Any CPU.ActiveCfg = Debug|Any CPU
		{73AA6717-CC41-4D63-A57B-E96E2F26DF74}.Debug|Any CPU.Build.0 = Debug|Any CPU
		{73AA6717-CC41-4D63-A57B-E96E2F26DF74}.Release|Any CPU.ActiveCfg = Release|Any CPU
		{73AA6717-CC41-4D63-A57B-E96E2F26DF74}.Release|Any CPU.Build.0 = Release|Any CPU
	EndGlobalSection
	GlobalSection(SolutionProperties) = preSolution
		HideSolutionNode = FALSE
	EndGlobalSection
	GlobalSection(ExtensibilityGlobals) = postSolution
		SolutionGuid = {9F426950-20D5-43EA-95F3-D01B412F66D5}
	EndGlobalSection
EndGlobal
