
Microsoft Visual Studio Solution File, Format Version 12.00
# Visual Studio Version 16
VisualStudioVersion = 16.0.30503.244
MinimumVisualStudioVersion = 10.0.40219.1
Project("{FAE04EC0-301F-11D3-BF4B-00C04F79EFBC}") = "Ejercicio2.2.4.1", "Ejercicio2.2.4.1\Ejercicio2.2.4.1.csproj", "{A3D0238D-E30E-4DD7-9FD3-9DF99C8FD61E}"
EndProject
Global
	GlobalSection(SolutionConfigurationPlatforms) = preSolution
		Debug|Any CPU = Debug|Any CPU
		Release|Any CPU = Release|Any CPU
	EndGlobalSection
	GlobalSection(ProjectConfigurationPlatforms) = postSolution
		{A3D0238D-E30E-4DD7-9FD3-9DF99C8FD61E}.Debug|Any CPU.ActiveCfg = Debug|Any CPU
		{A3D0238D-E30E-4DD7-9FD3-9DF99C8FD61E}.Debug|Any CPU.Build.0 = Debug|Any CPU
		{A3D0238D-E30E-4DD7-9FD3-9DF99C8FD61E}.Release|Any CPU.ActiveCfg = Release|Any CPU
		{A3D0238D-E30E-4DD7-9FD3-9DF99C8FD61E}.Release|Any CPU.Build.0 = Release|Any CPU
	EndGlobalSection
	GlobalSection(SolutionProperties) = preSolution
		HideSolutionNode = FALSE
	EndGlobalSection
	GlobalSection(ExtensibilityGlobals) = postSolution
		SolutionGuid = {C4968B8B-94BA-48D1-8646-D708F00BA896}
	EndGlobalSection
EndGlobal
