
Microsoft Visual Studio Solution File, Format Version 12.00
# Visual Studio Version 16
VisualStudioVersion = 16.0.30503.244
MinimumVisualStudioVersion = 10.0.40219.1
Project("{FAE04EC0-301F-11D3-BF4B-00C04F79EFBC}") = "Ejercicio3.2.6.1", "Ejercicio3.2.6.1\Ejercicio3.2.6.1.csproj", "{97F45DD3-48C9-4A64-9741-0F39F0ABDCBE}"
EndProject
Global
	GlobalSection(SolutionConfigurationPlatforms) = preSolution
		Debug|Any CPU = Debug|Any CPU
		Release|Any CPU = Release|Any CPU
	EndGlobalSection
	GlobalSection(ProjectConfigurationPlatforms) = postSolution
		{97F45DD3-48C9-4A64-9741-0F39F0ABDCBE}.Debug|Any CPU.ActiveCfg = Debug|Any CPU
		{97F45DD3-48C9-4A64-9741-0F39F0ABDCBE}.Debug|Any CPU.Build.0 = Debug|Any CPU
		{97F45DD3-48C9-4A64-9741-0F39F0ABDCBE}.Release|Any CPU.ActiveCfg = Release|Any CPU
		{97F45DD3-48C9-4A64-9741-0F39F0ABDCBE}.Release|Any CPU.Build.0 = Release|Any CPU
	EndGlobalSection
	GlobalSection(SolutionProperties) = preSolution
		HideSolutionNode = FALSE
	EndGlobalSection
	GlobalSection(ExtensibilityGlobals) = postSolution
		SolutionGuid = {7894B192-2A75-4B7E-A857-E691F0508E9F}
	EndGlobalSection
EndGlobal
