
Microsoft Visual Studio Solution File, Format Version 12.00
# Visual Studio Version 16
VisualStudioVersion = 16.0.30503.244
MinimumVisualStudioVersion = 10.0.40219.1
Project("{FAE04EC0-301F-11D3-BF4B-00C04F79EFBC}") = "Ejercicio2.2.3.4", "Ejercicio2.2.3.4\Ejercicio2.2.3.4.csproj", "{78E90824-D6A4-4D4A-AB98-139509F2D3DB}"
EndProject
Global
	GlobalSection(SolutionConfigurationPlatforms) = preSolution
		Debug|Any CPU = Debug|Any CPU
		Release|Any CPU = Release|Any CPU
	EndGlobalSection
	GlobalSection(ProjectConfigurationPlatforms) = postSolution
		{78E90824-D6A4-4D4A-AB98-139509F2D3DB}.Debug|Any CPU.ActiveCfg = Debug|Any CPU
		{78E90824-D6A4-4D4A-AB98-139509F2D3DB}.Debug|Any CPU.Build.0 = Debug|Any CPU
		{78E90824-D6A4-4D4A-AB98-139509F2D3DB}.Release|Any CPU.ActiveCfg = Release|Any CPU
		{78E90824-D6A4-4D4A-AB98-139509F2D3DB}.Release|Any CPU.Build.0 = Release|Any CPU
	EndGlobalSection
	GlobalSection(SolutionProperties) = preSolution
		HideSolutionNode = FALSE
	EndGlobalSection
	GlobalSection(ExtensibilityGlobals) = postSolution
		SolutionGuid = {473B12AB-749C-4E37-A13B-99F8D5F57622}
	EndGlobalSection
EndGlobal
