
Microsoft Visual Studio Solution File, Format Version 12.00
# Visual Studio Version 16
VisualStudioVersion = 16.0.30503.244
MinimumVisualStudioVersion = 10.0.40219.1
Project("{FAE04EC0-301F-11D3-BF4B-00C04F79EFBC}") = "Ejercicio2.7.1", "Ejercicio2.7.1\Ejercicio2.7.1.csproj", "{9A22D0C9-B256-477F-858B-B10C6FDDD83C}"
EndProject
Global
	GlobalSection(SolutionConfigurationPlatforms) = preSolution
		Debug|Any CPU = Debug|Any CPU
		Release|Any CPU = Release|Any CPU
	EndGlobalSection
	GlobalSection(ProjectConfigurationPlatforms) = postSolution
		{9A22D0C9-B256-477F-858B-B10C6FDDD83C}.Debug|Any CPU.ActiveCfg = Debug|Any CPU
		{9A22D0C9-B256-477F-858B-B10C6FDDD83C}.Debug|Any CPU.Build.0 = Debug|Any CPU
		{9A22D0C9-B256-477F-858B-B10C6FDDD83C}.Release|Any CPU.ActiveCfg = Release|Any CPU
		{9A22D0C9-B256-477F-858B-B10C6FDDD83C}.Release|Any CPU.Build.0 = Release|Any CPU
	EndGlobalSection
	GlobalSection(SolutionProperties) = preSolution
		HideSolutionNode = FALSE
	EndGlobalSection
	GlobalSection(ExtensibilityGlobals) = postSolution
		SolutionGuid = {0D6462D7-CCA6-4005-9706-8E33CBD30A0A}
	EndGlobalSection
EndGlobal
