
Microsoft Visual Studio Solution File, Format Version 12.00
# Visual Studio Version 16
VisualStudioVersion = 16.0.30503.244
MinimumVisualStudioVersion = 10.0.40219.1
Project("{FAE04EC0-301F-11D3-BF4B-00C04F79EFBC}") = "Ejercicio2.1.1.3", "Ejercicio2.1.1.3\Ejercicio2.1.1.3.csproj", "{36DD86FB-3B27-45F8-9B75-BDE7F0FFBCCD}"
EndProject
Global
	GlobalSection(SolutionConfigurationPlatforms) = preSolution
		Debug|Any CPU = Debug|Any CPU
		Release|Any CPU = Release|Any CPU
	EndGlobalSection
	GlobalSection(ProjectConfigurationPlatforms) = postSolution
		{36DD86FB-3B27-45F8-9B75-BDE7F0FFBCCD}.Debug|Any CPU.ActiveCfg = Debug|Any CPU
		{36DD86FB-3B27-45F8-9B75-BDE7F0FFBCCD}.Debug|Any CPU.Build.0 = Debug|Any CPU
		{36DD86FB-3B27-45F8-9B75-BDE7F0FFBCCD}.Release|Any CPU.ActiveCfg = Release|Any CPU
		{36DD86FB-3B27-45F8-9B75-BDE7F0FFBCCD}.Release|Any CPU.Build.0 = Release|Any CPU
	EndGlobalSection
	GlobalSection(SolutionProperties) = preSolution
		HideSolutionNode = FALSE
	EndGlobalSection
	GlobalSection(ExtensibilityGlobals) = postSolution
		SolutionGuid = {47392AC6-1FFC-477D-A8CD-902E8EB3FDF5}
	EndGlobalSection
EndGlobal
