
Microsoft Visual Studio Solution File, Format Version 12.00
# Visual Studio Version 16
VisualStudioVersion = 16.0.30503.244
MinimumVisualStudioVersion = 10.0.40219.1
Project("{FAE04EC0-301F-11D3-BF4B-00C04F79EFBC}") = "Ejercicio4.1.4.3", "Ejercicio4.1.4.3\Ejercicio4.1.4.3.csproj", "{A69F557E-076F-437E-B3E3-1AE9C62C8851}"
EndProject
Global
	GlobalSection(SolutionConfigurationPlatforms) = preSolution
		Debug|Any CPU = Debug|Any CPU
		Release|Any CPU = Release|Any CPU
	EndGlobalSection
	GlobalSection(ProjectConfigurationPlatforms) = postSolution
		{A69F557E-076F-437E-B3E3-1AE9C62C8851}.Debug|Any CPU.ActiveCfg = Debug|Any CPU
		{A69F557E-076F-437E-B3E3-1AE9C62C8851}.Debug|Any CPU.Build.0 = Debug|Any CPU
		{A69F557E-076F-437E-B3E3-1AE9C62C8851}.Release|Any CPU.ActiveCfg = Release|Any CPU
		{A69F557E-076F-437E-B3E3-1AE9C62C8851}.Release|Any CPU.Build.0 = Release|Any CPU
	EndGlobalSection
	GlobalSection(SolutionProperties) = preSolution
		HideSolutionNode = FALSE
	EndGlobalSection
	GlobalSection(ExtensibilityGlobals) = postSolution
		SolutionGuid = {617811DD-855E-4D79-B399-364F3CC4E1BE}
	EndGlobalSection
EndGlobal
