
Microsoft Visual Studio Solution File, Format Version 12.00
# Visual Studio Version 16
VisualStudioVersion = 16.0.30503.244
MinimumVisualStudioVersion = 10.0.40219.1
Project("{FAE04EC0-301F-11D3-BF4B-00C04F79EFBC}") = "Ejercicio3.2.3.3", "Ejercicio3.2.3.3\Ejercicio3.2.3.3.csproj", "{3FCE960F-BA1C-4895-97C9-6247EA24EBAD}"
EndProject
Global
	GlobalSection(SolutionConfigurationPlatforms) = preSolution
		Debug|Any CPU = Debug|Any CPU
		Release|Any CPU = Release|Any CPU
	EndGlobalSection
	GlobalSection(ProjectConfigurationPlatforms) = postSolution
		{3FCE960F-BA1C-4895-97C9-6247EA24EBAD}.Debug|Any CPU.ActiveCfg = Debug|Any CPU
		{3FCE960F-BA1C-4895-97C9-6247EA24EBAD}.Debug|Any CPU.Build.0 = Debug|Any CPU
		{3FCE960F-BA1C-4895-97C9-6247EA24EBAD}.Release|Any CPU.ActiveCfg = Release|Any CPU
		{3FCE960F-BA1C-4895-97C9-6247EA24EBAD}.Release|Any CPU.Build.0 = Release|Any CPU
	EndGlobalSection
	GlobalSection(SolutionProperties) = preSolution
		HideSolutionNode = FALSE
	EndGlobalSection
	GlobalSection(ExtensibilityGlobals) = postSolution
		SolutionGuid = {A12FAE5B-9803-46A1-807A-02EFBC08EC48}
	EndGlobalSection
EndGlobal
