
Microsoft Visual Studio Solution File, Format Version 12.00
# Visual Studio Version 16
VisualStudioVersion = 16.0.30503.244
MinimumVisualStudioVersion = 10.0.40219.1
Project("{FAE04EC0-301F-11D3-BF4B-00C04F79EFBC}") = "Ejercicio1.5.1.1", "Ejercicio1.5.1.1\Ejercicio1.5.1.1.csproj", "{B1258C28-58CD-42AD-A10B-EC15B7CBF87E}"
EndProject
Global
	GlobalSection(SolutionConfigurationPlatforms) = preSolution
		Debug|Any CPU = Debug|Any CPU
		Release|Any CPU = Release|Any CPU
	EndGlobalSection
	GlobalSection(ProjectConfigurationPlatforms) = postSolution
		{B1258C28-58CD-42AD-A10B-EC15B7CBF87E}.Debug|Any CPU.ActiveCfg = Debug|Any CPU
		{B1258C28-58CD-42AD-A10B-EC15B7CBF87E}.Debug|Any CPU.Build.0 = Debug|Any CPU
		{B1258C28-58CD-42AD-A10B-EC15B7CBF87E}.Release|Any CPU.ActiveCfg = Release|Any CPU
		{B1258C28-58CD-42AD-A10B-EC15B7CBF87E}.Release|Any CPU.Build.0 = Release|Any CPU
	EndGlobalSection
	GlobalSection(SolutionProperties) = preSolution
		HideSolutionNode = FALSE
	EndGlobalSection
	GlobalSection(ExtensibilityGlobals) = postSolution
		SolutionGuid = {1B0AA19A-2EB0-4F03-8351-2A3AF4394B6E}
	EndGlobalSection
EndGlobal
